
Microsoft Visual Studio Solution File, Format Version 12.00
# Visual Studio 15
VisualStudioVersion = 15.0.28010.2016
MinimumVisualStudioVersion = 10.0.40219.1
Project("{9A19103F-16F7-4668-BE54-9A1E7A4F7556}") = "Day1", "Day1\Day1.csproj", "{97DBAB9F-5874-435B-9491-7E2A00E8FD26}"
EndProject
Project("{9A19103F-16F7-4668-BE54-9A1E7A4F7556}") = "Day2", "Day2\Day2.csproj", "{778CA34E-BD0C-4A1B-BF7C-663562C9CCC1}"
EndProject
Project("{FAE04EC0-301F-11D3-BF4B-00C04F79EFBC}") = "Day1.Tests", "Day1.Tests\Day1.Tests.csproj", "{E4987A9F-04BA-4C22-9186-FF9AF2F90B04}"
EndProject
Project("{FAE04EC0-301F-11D3-BF4B-00C04F79EFBC}") = "Day2.Tests", "Day2.Tests\Day2.Tests.csproj", "{CEC5600D-2D84-43F0-9D9D-9DEEE47610B1}"
EndProject
Project("{FAE04EC0-301F-11D3-BF4B-00C04F79EFBC}") = "Day3", "Day3\Day3.csproj", "{B2826348-53BA-487D-B50A-DF4AD5E7F8A3}"
EndProject
Project("{FAE04EC0-301F-11D3-BF4B-00C04F79EFBC}") = "Day3.Tests", "Day3.Tests\Day3.Tests.csproj", "{27CB67E0-292D-4552-8C67-6713F2280DA5}"
EndProject
Project("{FAE04EC0-301F-11D3-BF4B-00C04F79EFBC}") = "Helpers", "Helpers\Helpers.csproj", "{E2C3967D-3522-423F-9B23-EF48D7829E32}"
EndProject
Global
	GlobalSection(SolutionConfigurationPlatforms) = preSolution
		Debug|Any CPU = Debug|Any CPU
		Release|Any CPU = Release|Any CPU
	EndGlobalSection
	GlobalSection(ProjectConfigurationPlatforms) = postSolution
		{97DBAB9F-5874-435B-9491-7E2A00E8FD26}.Debug|Any CPU.ActiveCfg = Debug|Any CPU
		{97DBAB9F-5874-435B-9491-7E2A00E8FD26}.Debug|Any CPU.Build.0 = Debug|Any CPU
		{97DBAB9F-5874-435B-9491-7E2A00E8FD26}.Release|Any CPU.ActiveCfg = Release|Any CPU
		{97DBAB9F-5874-435B-9491-7E2A00E8FD26}.Release|Any CPU.Build.0 = Release|Any CPU
		{778CA34E-BD0C-4A1B-BF7C-663562C9CCC1}.Debug|Any CPU.ActiveCfg = Debug|Any CPU
		{778CA34E-BD0C-4A1B-BF7C-663562C9CCC1}.Debug|Any CPU.Build.0 = Debug|Any CPU
		{778CA34E-BD0C-4A1B-BF7C-663562C9CCC1}.Release|Any CPU.ActiveCfg = Release|Any CPU
		{778CA34E-BD0C-4A1B-BF7C-663562C9CCC1}.Release|Any CPU.Build.0 = Release|Any CPU
		{E4987A9F-04BA-4C22-9186-FF9AF2F90B04}.Debug|Any CPU.ActiveCfg = Debug|Any CPU
		{E4987A9F-04BA-4C22-9186-FF9AF2F90B04}.Debug|Any CPU.Build.0 = Debug|Any CPU
		{E4987A9F-04BA-4C22-9186-FF9AF2F90B04}.Release|Any CPU.ActiveCfg = Release|Any CPU
		{E4987A9F-04BA-4C22-9186-FF9AF2F90B04}.Release|Any CPU.Build.0 = Release|Any CPU
		{CEC5600D-2D84-43F0-9D9D-9DEEE47610B1}.Debug|Any CPU.ActiveCfg = Debug|Any CPU
		{CEC5600D-2D84-43F0-9D9D-9DEEE47610B1}.Debug|Any CPU.Build.0 = Debug|Any CPU
		{CEC5600D-2D84-43F0-9D9D-9DEEE47610B1}.Release|Any CPU.ActiveCfg = Release|Any CPU
		{CEC5600D-2D84-43F0-9D9D-9DEEE47610B1}.Release|Any CPU.Build.0 = Release|Any CPU
		{B2826348-53BA-487D-B50A-DF4AD5E7F8A3}.Debug|Any CPU.ActiveCfg = Debug|Any CPU
		{B2826348-53BA-487D-B50A-DF4AD5E7F8A3}.Debug|Any CPU.Build.0 = Debug|Any CPU
		{B2826348-53BA-487D-B50A-DF4AD5E7F8A3}.Release|Any CPU.ActiveCfg = Release|Any CPU
		{B2826348-53BA-487D-B50A-DF4AD5E7F8A3}.Release|Any CPU.Build.0 = Release|Any CPU
		{27CB67E0-292D-4552-8C67-6713F2280DA5}.Debug|Any CPU.ActiveCfg = Debug|Any CPU
		{27CB67E0-292D-4552-8C67-6713F2280DA5}.Debug|Any CPU.Build.0 = Debug|Any CPU
		{27CB67E0-292D-4552-8C67-6713F2280DA5}.Release|Any CPU.ActiveCfg = Release|Any CPU
		{27CB67E0-292D-4552-8C67-6713F2280DA5}.Release|Any CPU.Build.0 = Release|Any CPU
		{E2C3967D-3522-423F-9B23-EF48D7829E32}.Debug|Any CPU.ActiveCfg = Debug|Any CPU
		{E2C3967D-3522-423F-9B23-EF48D7829E32}.Debug|Any CPU.Build.0 = Debug|Any CPU
		{E2C3967D-3522-423F-9B23-EF48D7829E32}.Release|Any CPU.ActiveCfg = Release|Any CPU
		{E2C3967D-3522-423F-9B23-EF48D7829E32}.Release|Any CPU.Build.0 = Release|Any CPU
	EndGlobalSection
	GlobalSection(SolutionProperties) = preSolution
		HideSolutionNode = FALSE
	EndGlobalSection
	GlobalSection(ExtensibilityGlobals) = postSolution
		SolutionGuid = {235BCCCF-7E89-4F89-A544-D9F7A93ECF30}
	EndGlobalSection
EndGlobal
